
Microsoft Visual Studio Solution File, Format Version 12.00
# Visual Studio Version 17
VisualStudioVersion = 17.3.32929.385
MinimumVisualStudioVersion = 10.0.40219.1
Project("{9A19103F-16F7-4668-BE54-9A1E7A4F7556}") = "WPFGalery", "WPFGalery\WPFGalery.csproj", "{8630D31B-B10F-41BF-A772-CB1277C0D75A}"
EndProject
Global
	GlobalSection(SolutionConfigurationPlatforms) = preSolution
		Debug|Any CPU = Debug|Any CPU
		Release|Any CPU = Release|Any CPU
	EndGlobalSection
	GlobalSection(ProjectConfigurationPlatforms) = postSolution
		{8630D31B-B10F-41BF-A772-CB1277C0D75A}.Debug|Any CPU.ActiveCfg = Debug|Any CPU
		{8630D31B-B10F-41BF-A772-CB1277C0D75A}.Debug|Any CPU.Build.0 = Debug|Any CPU
		{8630D31B-B10F-41BF-A772-CB1277C0D75A}.Release|Any CPU.ActiveCfg = Release|Any CPU
		{8630D31B-B10F-41BF-A772-CB1277C0D75A}.Release|Any CPU.Build.0 = Release|Any CPU
	EndGlobalSection
	GlobalSection(SolutionProperties) = preSolution
		HideSolutionNode = FALSE
	EndGlobalSection
	GlobalSection(ExtensibilityGlobals) = postSolution
		SolutionGuid = {E7C843E4-2D3A-4244-98B6-3DCE297CB834}
	EndGlobalSection
EndGlobal
